
Microsoft Visual Studio Solution File, Format Version 12.00
# Visual Studio Version 16
VisualStudioVersion = 16.0.33027.164
MinimumVisualStudioVersion = 10.0.40219.1
Project("{FAE04EC0-301F-11D3-BF4B-00C04F79EFBC}") = "Sofronov", "Sofronov\Sofronov.csproj", "{6FC3B9ED-98C3-4476-BAD2-7D0CA3612A44}"
EndProject
Global
	GlobalSection(SolutionConfigurationPlatforms) = preSolution
		Debug|Any CPU = Debug|Any CPU
		Release|Any CPU = Release|Any CPU
	EndGlobalSection
	GlobalSection(ProjectConfigurationPlatforms) = postSolution
		{6FC3B9ED-98C3-4476-BAD2-7D0CA3612A44}.Debug|Any CPU.ActiveCfg = Debug|Any CPU
		{6FC3B9ED-98C3-4476-BAD2-7D0CA3612A44}.Debug|Any CPU.Build.0 = Debug|Any CPU
		{6FC3B9ED-98C3-4476-BAD2-7D0CA3612A44}.Release|Any CPU.ActiveCfg = Release|Any CPU
		{6FC3B9ED-98C3-4476-BAD2-7D0CA3612A44}.Release|Any CPU.Build.0 = Release|Any CPU
	EndGlobalSection
	GlobalSection(SolutionProperties) = preSolution
		HideSolutionNode = FALSE
	EndGlobalSection
	GlobalSection(ExtensibilityGlobals) = postSolution
		SolutionGuid = {A1CECDE2-1783-4E57-B44C-9EBD39DC2444}
	EndGlobalSection
EndGlobal
